
Microsoft Visual Studio Solution File, Format Version 12.00
# Visual Studio Version 16
VisualStudioVersion = 16.0.29403.142
MinimumVisualStudioVersion = 10.0.40219.1
Project("{FAE04EC0-301F-11D3-BF4B-00C04F79EFBC}") = "TripOverTime.Engine", "TripOverTime.Engine\TripOverTime.Engine.csproj", "{F2D085EC-2A6D-48F3-B661-2CE36A7D0F94}"
EndProject
Project("{FAE04EC0-301F-11D3-BF4B-00C04F79EFBC}") = "TripOverTime.Main", "TripOverTime.Main\TripOverTime.Main.csproj", "{2CA9517B-9711-4F48-8790-BBCB4604F93F}"
EndProject
Global
	GlobalSection(SolutionConfigurationPlatforms) = preSolution
		Debug|Any CPU = Debug|Any CPU
		Release|Any CPU = Release|Any CPU
	EndGlobalSection
	GlobalSection(ProjectConfigurationPlatforms) = postSolution
		{F2D085EC-2A6D-48F3-B661-2CE36A7D0F94}.Debug|Any CPU.ActiveCfg = Debug|Any CPU
		{F2D085EC-2A6D-48F3-B661-2CE36A7D0F94}.Debug|Any CPU.Build.0 = Debug|Any CPU
		{F2D085EC-2A6D-48F3-B661-2CE36A7D0F94}.Release|Any CPU.ActiveCfg = Release|Any CPU
		{F2D085EC-2A6D-48F3-B661-2CE36A7D0F94}.Release|Any CPU.Build.0 = Release|Any CPU
		{2CA9517B-9711-4F48-8790-BBCB4604F93F}.Debug|Any CPU.ActiveCfg = Debug|Any CPU
		{2CA9517B-9711-4F48-8790-BBCB4604F93F}.Debug|Any CPU.Build.0 = Debug|Any CPU
		{2CA9517B-9711-4F48-8790-BBCB4604F93F}.Release|Any CPU.ActiveCfg = Release|Any CPU
		{2CA9517B-9711-4F48-8790-BBCB4604F93F}.Release|Any CPU.Build.0 = Release|Any CPU
	EndGlobalSection
	GlobalSection(SolutionProperties) = preSolution
		HideSolutionNode = FALSE
	EndGlobalSection
	GlobalSection(ExtensibilityGlobals) = postSolution
		SolutionGuid = {50F0C415-2431-4962-8915-51129D0B4AF2}
	EndGlobalSection
EndGlobal
